
Microsoft Visual Studio Solution File, Format Version 12.00
# Visual Studio Version 17
VisualStudioVersion = 17.7.34018.315
MinimumVisualStudioVersion = 10.0.40219.1
Project("{FAE04EC0-301F-11D3-BF4B-00C04F79EFBC}") = "pruebasGit", "pruebasGit\pruebasGit.csproj", "{E5BB55F9-7809-489C-9989-6266B43E5890}"
EndProject
Global
	GlobalSection(SolutionConfigurationPlatforms) = preSolution
		Debug|Any CPU = Debug|Any CPU
		Release|Any CPU = Release|Any CPU
	EndGlobalSection
	GlobalSection(ProjectConfigurationPlatforms) = postSolution
		{E5BB55F9-7809-489C-9989-6266B43E5890}.Debug|Any CPU.ActiveCfg = Debug|Any CPU
		{E5BB55F9-7809-489C-9989-6266B43E5890}.Debug|Any CPU.Build.0 = Debug|Any CPU
		{E5BB55F9-7809-489C-9989-6266B43E5890}.Release|Any CPU.ActiveCfg = Release|Any CPU
		{E5BB55F9-7809-489C-9989-6266B43E5890}.Release|Any CPU.Build.0 = Release|Any CPU
	EndGlobalSection
	GlobalSection(SolutionProperties) = preSolution
		HideSolutionNode = FALSE
	EndGlobalSection
	GlobalSection(ExtensibilityGlobals) = postSolution
		SolutionGuid = {2A0E686B-15A0-47AD-850B-63B3E88D83A2}
	EndGlobalSection
EndGlobal
